
Microsoft Visual Studio Solution File, Format Version 12.00
# Visual Studio Version 17
VisualStudioVersion = 17.3.32819.101
MinimumVisualStudioVersion = 10.0.40219.1
Project("{FAE04EC0-301F-11D3-BF4B-00C04F79EFBC}") = "Flight", "Flight\Flight.csproj", "{3DF2CD76-4357-4620-B8B5-037ECCB01A8B}"
EndProject
Project("{FAE04EC0-301F-11D3-BF4B-00C04F79EFBC}") = "Domain.Tests", "Domain.Tests\Domain.Tests.csproj", "{3647D1D5-7872-44F6-B5C9-91B88695ACA1}"
EndProject
Project("{FAE04EC0-301F-11D3-BF4B-00C04F79EFBC}") = "Domain", "Domain\Domain.csproj", "{CF594636-FA3E-43DA-8B0B-107665C031EC}"
EndProject
Global
	GlobalSection(SolutionConfigurationPlatforms) = preSolution
		Debug|Any CPU = Debug|Any CPU
		Release|Any CPU = Release|Any CPU
	EndGlobalSection
	GlobalSection(ProjectConfigurationPlatforms) = postSolution
		{3DF2CD76-4357-4620-B8B5-037ECCB01A8B}.Debug|Any CPU.ActiveCfg = Debug|Any CPU
		{3DF2CD76-4357-4620-B8B5-037ECCB01A8B}.Debug|Any CPU.Build.0 = Debug|Any CPU
		{3DF2CD76-4357-4620-B8B5-037ECCB01A8B}.Release|Any CPU.ActiveCfg = Release|Any CPU
		{3DF2CD76-4357-4620-B8B5-037ECCB01A8B}.Release|Any CPU.Build.0 = Release|Any CPU
		{3647D1D5-7872-44F6-B5C9-91B88695ACA1}.Debug|Any CPU.ActiveCfg = Debug|Any CPU
		{3647D1D5-7872-44F6-B5C9-91B88695ACA1}.Debug|Any CPU.Build.0 = Debug|Any CPU
		{3647D1D5-7872-44F6-B5C9-91B88695ACA1}.Release|Any CPU.ActiveCfg = Release|Any CPU
		{3647D1D5-7872-44F6-B5C9-91B88695ACA1}.Release|Any CPU.Build.0 = Release|Any CPU
		{CF594636-FA3E-43DA-8B0B-107665C031EC}.Debug|Any CPU.ActiveCfg = Debug|Any CPU
		{CF594636-FA3E-43DA-8B0B-107665C031EC}.Debug|Any CPU.Build.0 = Debug|Any CPU
		{CF594636-FA3E-43DA-8B0B-107665C031EC}.Release|Any CPU.ActiveCfg = Release|Any CPU
		{CF594636-FA3E-43DA-8B0B-107665C031EC}.Release|Any CPU.Build.0 = Release|Any CPU
	EndGlobalSection
	GlobalSection(SolutionProperties) = preSolution
		HideSolutionNode = FALSE
	EndGlobalSection
	GlobalSection(ExtensibilityGlobals) = postSolution
		SolutionGuid = {DF0AA3FD-2D85-49F3-A3E7-D2291BACFC39}
	EndGlobalSection
EndGlobal
